<?xml version="1.0" encoding="UTF-8" standalone="yes" ?>
<CodeBlocks_project_file>
	<FileVersion major="1" minor="6" />
	<Project>
		<Option title="Pas17" />
		<Option pch_mode="2" />
		<Option compiler="gcc" />
		<Build>
			<Target title="Debug">
				<Option output="bin/Debug/Pas17" prefix_auto="1" extension_auto="1" />
				<Option object_output="obj/Debug/" />
				<Option type="1" />
				<Option compiler="gcc" />
				<Compiler>
					<Add option="-g" />
					<Add directory="src" />
					<Add directory="src/Modbus" />
					<Add directory="./" />
					<Add directory="Pas17/src" />
					<Add directory="Pas17/src/CommunicationDevice" />
					<Add directory="Pas17/src/ModbusSM" />
					<Add directory="Pas17/src/SerialMT" />
				</Compiler>
			</Target>
			<Target title="Release">
				<Option output="bin/Release/Pas17" prefix_auto="1" extension_auto="1" />
				<Option object_output="obj/Release/" />
				<Option type="1" />
				<Option compiler="gcc" />
				<Compiler>
					<Add option="-O2" />
					<Add directory="src" />
					<Add directory="src/Modbus" />
					<Add directory="./" />
					<Add directory="Pas17/src" />
					<Add directory="Pas17/src/CommunicationDevice" />
					<Add directory="Pas17/src/ModbusSM" />
					<Add directory="Pas17/src/SerialMT" />
				</Compiler>
				<Linker>
					<Add option="-s" />
				</Linker>
			</Target>
		</Build>
		<Compiler>
			<Add option="-Wall" />
			<Add option="-fexceptions" />
			<Add directory="src" />
			<Add directory="src/Modbus" />
		</Compiler>
		<Unit filename="../Декомпозиция проекта/Temp.cpp" />
		<Unit filename="../Декомпозиция проекта/База данных.txt" />
		<Unit filename="../Декомпозиция проекта/Выходные лискретные сигналы.txt" />
		<Unit filename="../Декомпозиция проекта/Декомпозиция проекта.txt" />
		<Unit filename="../Декомпозиция проекта/Дискретные сигналы.txt" />
		<Unit filename="../Декомпозиция проекта/Интерфейс задачи.txt" />
		<Unit filename="../Декомпозиция проекта/Конфигурация.txt" />
		<Unit filename="../Декомпозиция проекта/Параметры настроек.txt" />
		<Unit filename="../Декомпозиция проекта/Регуляторы.txt" />
		<Unit filename="../Декомпозиция проекта/Режим онлайн.txt" />
		<Unit filename="../Декомпозиция проекта/Система обработки ошибок.txt" />
		<Unit filename="../Декомпозиция проекта/Система управления.txt" />
		<Unit filename="../Декомпозиция проекта/Статистика аналоговых сигналов.txt" />
		<Unit filename="../Декомпозиция проекта/Функциональные блоки.txt" />
		<Unit filename="../Идентификатор ПАС-17.txt" />
		<Unit filename="../ПАС-17 на письма от 5 и 6 мая.txt" />
		<Unit filename="../Текущие задачиPas17.txt" />
		<Unit filename="../протокол МВА.txt" />
		<Unit filename="../структ и протоколы/структ и прот ПАС-17.txt" />
		<Unit filename="src/Alarm.cpp" />
		<Unit filename="src/Alarm.h" />
		<Unit filename="src/AnalogueSignals.cpp" />
		<Unit filename="src/AnalogueSignals.h" />
		<Unit filename="src/AnalogueSignalsArchiveCreate.cpp" />
		<Unit filename="src/AnalogueSignalsArchiveCreate.h" />
		<Unit filename="src/AsynchronousTask.cpp" />
		<Unit filename="src/AsynchronousTask.h" />
		<Unit filename="src/CommunicationDevice/CommunicationDevice.cpp" />
		<Unit filename="src/CommunicationDevice/CommunicationDevice.h" />
		<Unit filename="src/CommunicationDevice/SerialPortCommunicationDevice.cpp" />
		<Unit filename="src/CommunicationDevice/SerialPortCommunicationDevice.h" />
		<Unit filename="src/CommunicationDevice/SharedMemoryCommunicationDevice.cpp" />
		<Unit filename="src/CommunicationDevice/SharedMemoryCommunicationDevice.h" />
		<Unit filename="src/CommunicationDevice/SpiCommunicationDevice.cpp" />
		<Unit filename="src/CommunicationDevice/SpiCommunicationDevice.h" />
		<Unit filename="src/CommunicationDevice/TcpCommunicationDevice.cpp" />
		<Unit filename="src/CommunicationDevice/TcpCommunicationDevice.h" />
		<Unit filename="src/Configuration.h" />
		<Unit filename="src/ConfigurationCheck.cpp" />
		<Unit filename="src/ConfigurationCheck.h" />
		<Unit filename="src/ConfigurationCreate.cpp" />
		<Unit filename="src/ConfigurationCreate.h" />
		<Unit filename="src/Crc.cpp" />
		<Unit filename="src/Crc.h" />
		<Unit filename="src/DataBaseCreate.cpp" />
		<Unit filename="src/DataBaseCreate.h" />
		<Unit filename="src/DataContainer.cpp" />
		<Unit filename="src/DataContainer.h" />
		<Unit filename="src/DataStore.cpp" />
		<Unit filename="src/DataStore.h" />
		<Unit filename="src/DataStoreCheck.cpp" />
		<Unit filename="src/DataStoreCheck.h" />
		<Unit filename="src/DataTypes.h" />
		<Unit filename="src/DeviceControl.cpp" />
		<Unit filename="src/DeviceControl.h" />
		<Unit filename="src/Dfa.cpp" />
		<Unit filename="src/Dfa.h" />
		<Unit filename="src/DiscreteSignals.cpp" />
		<Unit filename="src/DiscreteSignals.h" />
		<Unit filename="src/Events.cpp" />
		<Unit filename="src/Events.h" />
		<Unit filename="src/EventsDB.cpp" />
		<Unit filename="src/EventsDB.h" />
		<Unit filename="src/Gpio.cpp" />
		<Unit filename="src/Gpio.h" />
		<Unit filename="src/HammingCodes.cpp" />
		<Unit filename="src/HammingCodes.h" />
		<Unit filename="src/InternalModule.cpp" />
		<Unit filename="src/InternalModule.h" />
		<Unit filename="src/InternalModuleMuvr.cpp" />
		<Unit filename="src/InternalModuleMuvr.h" />
		<Unit filename="src/Link.cpp" />
		<Unit filename="src/Link.h" />
		<Unit filename="src/MainProductionCycle.cpp" />
		<Unit filename="src/MainProductionCycle.h" />
		<Unit filename="src/MessageBox.cpp" />
		<Unit filename="src/MessageBox.h" />
		<Unit filename="src/Modbus/Modbus.h" />
		<Unit filename="src/Modbus/ModbusMaster.cpp" />
		<Unit filename="src/Modbus/ModbusMaster.h" />
		<Unit filename="src/Modbus/ModbusMasterLinkLayer.cpp" />
		<Unit filename="src/Modbus/ModbusMasterLinkLayer.h" />
		<Unit filename="src/Modbus/ModbusRtuMasterLinkLayer.cpp" />
		<Unit filename="src/Modbus/ModbusRtuMasterLinkLayer.h" />
		<Unit filename="src/Modbus/ModbusRtuSlaveLinkLayer.cpp" />
		<Unit filename="src/Modbus/ModbusRtuSlaveLinkLayer.h" />
		<Unit filename="src/Modbus/ModbusSlave.cpp" />
		<Unit filename="src/Modbus/ModbusSlave.h" />
		<Unit filename="src/Modbus/ModbusSlaveLinkLayer.cpp" />
		<Unit filename="src/Modbus/ModbusSlaveLinkLayer.h" />
		<Unit filename="src/Modbus/ModbusSmMaster.cpp" />
		<Unit filename="src/Modbus/ModbusSmMaster.h" />
		<Unit filename="src/Modbus/ModbusSmMasterLinkLayer.cpp" />
		<Unit filename="src/Modbus/ModbusSmMasterLinkLayer.h" />
		<Unit filename="src/Modbus/ModbusSmSlave.cpp" />
		<Unit filename="src/Modbus/ModbusSmSlave.h" />
		<Unit filename="src/Modbus/ModbusSmSlaveLinkLayer.cpp" />
		<Unit filename="src/Modbus/ModbusSmSlaveLinkLayer.h" />
		<Unit filename="src/Modbus/ModbusTcpMasterLinkLayer.cpp" />
		<Unit filename="src/Modbus/ModbusTcpMasterLinkLayer.h" />
		<Unit filename="src/Modbus/ModbusTcpSlaveLinkLayer.cpp" />
		<Unit filename="src/Modbus/ModbusTcpSlaveLinkLayer.h" />
		<Unit filename="src/Modbus/errno-base.h" />
		<Unit filename="src/Parse.cpp" />
		<Unit filename="src/Parse.h" />
		<Unit filename="src/Platform.cpp" />
		<Unit filename="src/Platform.h" />
		<Unit filename="src/Resources.cpp" />
		<Unit filename="src/Resources.h" />
		<Unit filename="src/STEP5_floating_point.cpp" />
		<Unit filename="src/STEP5_floating_point.h" />
		<Unit filename="src/Semaphore.cpp" />
		<Unit filename="src/Semaphore.h" />
		<Unit filename="src/ServiceMarket.cpp" />
		<Unit filename="src/ServiceMarket.h" />
		<Unit filename="src/SettingsLoad.cpp" />
		<Unit filename="src/SettingsLoad.h" />
		<Unit filename="src/SettingsSet.cpp" />
		<Unit filename="src/SettingsSet.h" />
		<Unit filename="src/StorageDevice.cpp" />
		<Unit filename="src/StorageDevice.h" />
		<Unit filename="src/SystemComponentsCreate.cpp" />
		<Unit filename="src/SystemComponentsCreate.h" />
		<Unit filename="src/Task.cpp" />
		<Unit filename="src/Task.h" />
		<Unit filename="src/TaskManager.cpp" />
		<Unit filename="src/TaskManager.h" />
		<Unit filename="src/Timer.cpp" />
		<Unit filename="src/Timer.h" />
		<Unit filename="src/iconvlite.cpp" />
		<Unit filename="src/iconvlite.h" />
		<Unit filename="src/main.cpp" />
		<Extensions />
	</Project>
</CodeBlocks_project_file>
